
Microsoft Visual Studio Solution File, Format Version 12.00
# Visual Studio 15
VisualStudioVersion = 15.0.27428.2027
MinimumVisualStudioVersion = 10.0.40219.1
Project("{9A19103F-16F7-4668-BE54-9A1E7A4F7556}") = "ImageUnderstanding", "ImageUnderstanding\ImageUnderstanding.csproj", "{8797BDFF-2E2C-457E-8C37-76EFF6ECDFEA}"
EndProject
Global
	GlobalSection(SolutionConfigurationPlatforms) = preSolution
		Debug|Any CPU = Debug|Any CPU
		Release|Any CPU = Release|Any CPU
	EndGlobalSection
	GlobalSection(ProjectConfigurationPlatforms) = postSolution
		{8797BDFF-2E2C-457E-8C37-76EFF6ECDFEA}.Debug|Any CPU.ActiveCfg = Debug|Any CPU
		{8797BDFF-2E2C-457E-8C37-76EFF6ECDFEA}.Debug|Any CPU.Build.0 = Debug|Any CPU
		{8797BDFF-2E2C-457E-8C37-76EFF6ECDFEA}.Release|Any CPU.ActiveCfg = Release|Any CPU
		{8797BDFF-2E2C-457E-8C37-76EFF6ECDFEA}.Release|Any CPU.Build.0 = Release|Any CPU
	EndGlobalSection
	GlobalSection(SolutionProperties) = preSolution
		HideSolutionNode = FALSE
	EndGlobalSection
	GlobalSection(ExtensibilityGlobals) = postSolution
		SolutionGuid = {389D9FA7-11DF-466B-B818-D8A7FFE0EAE8}
	EndGlobalSection
EndGlobal
